# This file is automatically @generated by Wally.
# It is not intended for manual editing.
registry = "test"

[[package]]
name = "devsarim/syncer"
version = "0.1.0"
dependencies = [["Net", "vorlias/net@3.0.1"], ["Promise", "evaera/promise@4.0.0"], ["Rodux", "roblox/rodux@3.0.0"], ["t", "osyrisrblx/t@3.0.0"]]

[[package]]
name = "evaera/promise"
version = "4.0.0"
dependencies = []

[[package]]
name = "osyrisrblx/t"
version = "3.0.0"
dependencies = []

[[package]]
name = "roblox/rodux"
version = "3.0.0"
dependencies = []

[[package]]
name = "vorlias/net"
version = "3.0.1"
dependencies = []
